
Microsoft Visual Studio Solution File, Format Version 12.00
# Visual Studio Version 16
VisualStudioVersion = 16.0.29709.97
MinimumVisualStudioVersion = 10.0.40219.1
Project("{FAE04EC0-301F-11D3-BF4B-00C04F79EFBC}") = "FormExample", "FormExample\FormExample.csproj", "{8B0C7A80-CFC7-4FDA-8B20-A3201FDA83CD}"
EndProject
Project("{2150E333-8FDC-42A3-9474-1A3956D46DE8}") = "Solution Items", "Solution Items", "{112F136E-678F-40F1-87F0-EFFB201E1416}"
	ProjectSection(SolutionItems) = preProject
		..\..\..\Pictures\Saved Pictures\pika4.png = ..\..\..\Pictures\Saved Pictures\pika4.png
	EndProjectSection
EndProject
Global
	GlobalSection(SolutionConfigurationPlatforms) = preSolution
		Debug|Any CPU = Debug|Any CPU
		Release|Any CPU = Release|Any CPU
	EndGlobalSection
	GlobalSection(ProjectConfigurationPlatforms) = postSolution
		{8B0C7A80-CFC7-4FDA-8B20-A3201FDA83CD}.Debug|Any CPU.ActiveCfg = Debug|Any CPU
		{8B0C7A80-CFC7-4FDA-8B20-A3201FDA83CD}.Debug|Any CPU.Build.0 = Debug|Any CPU
		{8B0C7A80-CFC7-4FDA-8B20-A3201FDA83CD}.Release|Any CPU.ActiveCfg = Release|Any CPU
		{8B0C7A80-CFC7-4FDA-8B20-A3201FDA83CD}.Release|Any CPU.Build.0 = Release|Any CPU
	EndGlobalSection
	GlobalSection(SolutionProperties) = preSolution
		HideSolutionNode = FALSE
	EndGlobalSection
	GlobalSection(ExtensibilityGlobals) = postSolution
		SolutionGuid = {59999C1B-3BEF-45FC-B6F4-0524D26C011B}
	EndGlobalSection
EndGlobal
